// !$*UTF8*$!
{
	archiveVersion = 1;
	classes = {
	};
	objectVersion = 51;
	objects = {

/* Begin PBXBuildFile section */
		70088F8122DBA91300A28F00 /* AppDelegate.swift in Sources */ = {isa = PBXBuildFile; fileRef = 70088F8022DBA91300A28F00 /* AppDelegate.swift */; };
		70088F8322DBA91300A28F00 /* ViewController.swift in Sources */ = {isa = PBXBuildFile; fileRef = 70088F8222DBA91300A28F00 /* ViewController.swift */; };
		70088F8622DBA91300A28F00 /* Main.storyboard in Resources */ = {isa = PBXBuildFile; fileRef = 70088F8422DBA91300A28F00 /* Main.storyboard */; };
		70088F8822DBA91500A28F00 /* Assets.xcassets in Resources */ = {isa = PBXBuildFile; fileRef = 70088F8722DBA91500A28F00 /* Assets.xcassets */; };
		70088F8B22DBA91500A28F00 /* LaunchScreen.storyboard in Resources */ = {isa = PBXBuildFile; fileRef = 70088F8922DBA91500A28F00 /* LaunchScreen.storyboard */; };
		70088F9622DBA91500A28F00 /* maltTests.swift in Sources */ = {isa = PBXBuildFile; fileRef = 70088F9522DBA91500A28F00 /* maltTests.swift */; };
		70088FA122DBA91500A28F00 /* maltUITests.swift in Sources */ = {isa = PBXBuildFile; fileRef = 70088FA022DBA91500A28F00 /* maltUITests.swift */; };
		8E1EC9CB7FB3FC2E0B1879E0 /* Pods_maltTests.framework in Frameworks */ = {isa = PBXBuildFile; fileRef = F8471E974C682DF96B96C37D /* Pods_maltTests.framework */; };
		912E67446A040F5DAAB2FDBB /* Pods_malt.framework in Frameworks */ = {isa = PBXBuildFile; fileRef = 7C2732D07B8B4E508EF0C719 /* Pods_malt.framework */; };
		B103185322DBBAE900758772 /* GoogleService-Info.plist in Resources */ = {isa = PBXBuildFile; fileRef = B103185222DBBAE300758772 /* GoogleService-Info.plist */; };
		BC91287E2CF93C43F86270B6 /* Pods_maltUITests.framework in Frameworks */ = {isa = PBXBuildFile; fileRef = 35188048CBEB165EC313A532 /* Pods_maltUITests.framework */; };
/* End PBXBuildFile section */

/* Begin PBXContainerItemProxy section */
		70088F9222DBA91500A28F00 /* PBXContainerItemProxy */ = {
			isa = PBXContainerItemProxy;
			containerPortal = 70088F7522DBA91300A28F00 /* Project object */;
			proxyType = 1;
			remoteGlobalIDString = 70088F7C22DBA91300A28F00;
			remoteInfo = malt;
		};
		70088F9D22DBA91500A28F00 /* PBXContainerItemProxy */ = {
			isa = PBXContainerItemProxy;
			containerPortal = 70088F7522DBA91300A28F00 /* Project object */;
			proxyType = 1;
			remoteGlobalIDString = 70088F7C22DBA91300A28F00;
			remoteInfo = malt;
		};
/* End PBXContainerItemProxy section */

/* Begin PBXFileReference section */
		0557B3495DC37A4276BD3915 /* Pods-malt.debug.xcconfig */ = {isa = PBXFileReference; includeInIndex = 1; lastKnownFileType = text.xcconfig; name = "Pods-malt.debug.xcconfig"; path = "Target Support Files/Pods-malt/Pods-malt.debug.xcconfig"; sourceTree = "<group>"; };
		1A7F9B11A68EBA834D443F64 /* Pods-maltUITests.debug.xcconfig */ = {isa = PBXFileReference; includeInIndex = 1; lastKnownFileType = text.xcconfig; name = "Pods-maltUITests.debug.xcconfig"; path = "Target Support Files/Pods-maltUITests/Pods-maltUITests.debug.xcconfig"; sourceTree = "<group>"; };
		22DDE34D4CD0F1EB9981C1EC /* Pods-malt.release.xcconfig */ = {isa = PBXFileReference; includeInIndex = 1; lastKnownFileType = text.xcconfig; name = "Pods-malt.release.xcconfig"; path = "Target Support Files/Pods-malt/Pods-malt.release.xcconfig"; sourceTree = "<group>"; };
		35188048CBEB165EC313A532 /* Pods_maltUITests.framework */ = {isa = PBXFileReference; explicitFileType = wrapper.framework; includeInIndex = 0; path = Pods_maltUITests.framework; sourceTree = BUILT_PRODUCTS_DIR; };
		70088F7D22DBA91300A28F00 /* malt.app */ = {isa = PBXFileReference; explicitFileType = wrapper.application; includeInIndex = 0; path = malt.app; sourceTree = BUILT_PRODUCTS_DIR; };
		70088F8022DBA91300A28F00 /* AppDelegate.swift */ = {isa = PBXFileReference; lastKnownFileType = sourcecode.swift; path = AppDelegate.swift; sourceTree = "<group>"; };
		70088F8222DBA91300A28F00 /* ViewController.swift */ = {isa = PBXFileReference; lastKnownFileType = sourcecode.swift; path = ViewController.swift; sourceTree = "<group>"; };
		70088F8522DBA91300A28F00 /* Base */ = {isa = PBXFileReference; lastKnownFileType = file.storyboard; name = Base; path = Base.lproj/Main.storyboard; sourceTree = "<group>"; };
		70088F8722DBA91500A28F00 /* Assets.xcassets */ = {isa = PBXFileReference; lastKnownFileType = folder.assetcatalog; path = Assets.xcassets; sourceTree = "<group>"; };
		70088F8A22DBA91500A28F00 /* Base */ = {isa = PBXFileReference; lastKnownFileType = file.storyboard; name = Base; path = Base.lproj/LaunchScreen.storyboard; sourceTree = "<group>"; };
		70088F8C22DBA91500A28F00 /* Info.plist */ = {isa = PBXFileReference; lastKnownFileType = text.plist.xml; path = Info.plist; sourceTree = "<group>"; };
		70088F9122DBA91500A28F00 /* maltTests.xctest */ = {isa = PBXFileReference; explicitFileType = wrapper.cfbundle; includeInIndex = 0; path = maltTests.xctest; sourceTree = BUILT_PRODUCTS_DIR; };
		70088F9522DBA91500A28F00 /* maltTests.swift */ = {isa = PBXFileReference; lastKnownFileType = sourcecode.swift; path = maltTests.swift; sourceTree = "<group>"; };
		70088F9722DBA91500A28F00 /* Info.plist */ = {isa = PBXFileReference; lastKnownFileType = text.plist.xml; path = Info.plist; sourceTree = "<group>"; };
		70088F9C22DBA91500A28F00 /* maltUITests.xctest */ = {isa = PBXFileReference; explicitFileType = wrapper.cfbundle; includeInIndex = 0; path = maltUITests.xctest; sourceTree = BUILT_PRODUCTS_DIR; };
		70088FA022DBA91500A28F00 /* maltUITests.swift */ = {isa = PBXFileReference; lastKnownFileType = sourcecode.swift; path = maltUITests.swift; sourceTree = "<group>"; };
		70088FA222DBA91500A28F00 /* Info.plist */ = {isa = PBXFileReference; lastKnownFileType = text.plist.xml; path = Info.plist; sourceTree = "<group>"; };
		7C2732D07B8B4E508EF0C719 /* Pods_malt.framework */ = {isa = PBXFileReference; explicitFileType = wrapper.framework; includeInIndex = 0; path = Pods_malt.framework; sourceTree = BUILT_PRODUCTS_DIR; };
		810ECB9F113B93B4E67A4B90 /* Pods-maltUITests.release.xcconfig */ = {isa = PBXFileReference; includeInIndex = 1; lastKnownFileType = text.xcconfig; name = "Pods-maltUITests.release.xcconfig"; path = "Target Support Files/Pods-maltUITests/Pods-maltUITests.release.xcconfig"; sourceTree = "<group>"; };
		97F7832274F2E5B7253F49BA /* Pods-maltTests.release.xcconfig */ = {isa = PBXFileReference; includeInIndex = 1; lastKnownFileType = text.xcconfig; name = "Pods-maltTests.release.xcconfig"; path = "Target Support Files/Pods-maltTests/Pods-maltTests.release.xcconfig"; sourceTree = "<group>"; };
		99C4CE3DBC51891554F7AD6B /* Pods-maltTests.debug.xcconfig */ = {isa = PBXFileReference; includeInIndex = 1; lastKnownFileType = text.xcconfig; name = "Pods-maltTests.debug.xcconfig"; path = "Target Support Files/Pods-maltTests/Pods-maltTests.debug.xcconfig"; sourceTree = "<group>"; };
		B103185222DBBAE300758772 /* GoogleService-Info.plist */ = {isa = PBXFileReference; fileEncoding = 4; lastKnownFileType = text.plist.xml; path = "GoogleService-Info.plist"; sourceTree = "<group>"; };
		F8471E974C682DF96B96C37D /* Pods_maltTests.framework */ = {isa = PBXFileReference; explicitFileType = wrapper.framework; includeInIndex = 0; path = Pods_maltTests.framework; sourceTree = BUILT_PRODUCTS_DIR; };
/* End PBXFileReference section */

/* Begin PBXFrameworksBuildPhase section */
		70088F7A22DBA91300A28F00 /* Frameworks */ = {
			isa = PBXFrameworksBuildPhase;
			buildActionMask = 2147483647;
			files = (
				912E67446A040F5DAAB2FDBB /* Pods_malt.framework in Frameworks */,
			);
			runOnlyForDeploymentPostprocessing = 0;
		};
		70088F8E22DBA91500A28F00 /* Frameworks */ = {
			isa = PBXFrameworksBuildPhase;
			buildActionMask = 2147483647;
			files = (
				8E1EC9CB7FB3FC2E0B1879E0 /* Pods_maltTests.framework in Frameworks */,
			);
			runOnlyForDeploymentPostprocessing = 0;
		};
		70088F9922DBA91500A28F00 /* Frameworks */ = {
			isa = PBXFrameworksBuildPhase;
			buildActionMask = 2147483647;
			files = (
				BC91287E2CF93C43F86270B6 /* Pods_maltUITests.framework in Frameworks */,
			);
			runOnlyForDeploymentPostprocessing = 0;
		};
/* End PBXFrameworksBuildPhase section */

/* Begin PBXGroup section */
		26A09707A30E6D7C36617DF7 /* Frameworks */ = {
			isa = PBXGroup;
			children = (
				7C2732D07B8B4E508EF0C719 /* Pods_malt.framework */,
				F8471E974C682DF96B96C37D /* Pods_maltTests.framework */,
				35188048CBEB165EC313A532 /* Pods_maltUITests.framework */,
			);
			name = Frameworks;
			sourceTree = "<group>";
		};
		43823706B487B3FAAAFC04FE /* Pods */ = {
			isa = PBXGroup;
			children = (
				0557B3495DC37A4276BD3915 /* Pods-malt.debug.xcconfig */,
				22DDE34D4CD0F1EB9981C1EC /* Pods-malt.release.xcconfig */,
				99C4CE3DBC51891554F7AD6B /* Pods-maltTests.debug.xcconfig */,
				97F7832274F2E5B7253F49BA /* Pods-maltTests.release.xcconfig */,
				1A7F9B11A68EBA834D443F64 /* Pods-maltUITests.debug.xcconfig */,
				810ECB9F113B93B4E67A4B90 /* Pods-maltUITests.release.xcconfig */,
			);
			path = Pods;
			sourceTree = "<group>";
		};
		70088F7422DBA91300A28F00 = {
			isa = PBXGroup;
			children = (
				70088F7F22DBA91300A28F00 /* malt */,
				70088F9422DBA91500A28F00 /* maltTests */,
				70088F9F22DBA91500A28F00 /* maltUITests */,
				70088F7E22DBA91300A28F00 /* Products */,
				B103185222DBBAE300758772 /* GoogleService-Info.plist */,
				43823706B487B3FAAAFC04FE /* Pods */,
				26A09707A30E6D7C36617DF7 /* Frameworks */,
			);
			sourceTree = "<group>";
		};
		70088F7E22DBA91300A28F00 /* Products */ = {
			isa = PBXGroup;
			children = (
				70088F7D22DBA91300A28F00 /* malt.app */,
				70088F9122DBA91500A28F00 /* maltTests.xctest */,
				70088F9C22DBA91500A28F00 /* maltUITests.xctest */,
			);
			name = Products;
			sourceTree = "<group>";
		};
		70088F7F22DBA91300A28F00 /* malt */ = {
			isa = PBXGroup;
			children = (
				70088F8022DBA91300A28F00 /* AppDelegate.swift */,
				70088F8222DBA91300A28F00 /* ViewController.swift */,
				70088F8422DBA91300A28F00 /* Main.storyboard */,
				70088F8722DBA91500A28F00 /* Assets.xcassets */,
				70088F8922DBA91500A28F00 /* LaunchScreen.storyboard */,
				70088F8C22DBA91500A28F00 /* Info.plist */,
			);
			path = malt;
			sourceTree = "<group>";
		};
		70088F9422DBA91500A28F00 /* maltTests */ = {
			isa = PBXGroup;
			children = (
				70088F9522DBA91500A28F00 /* maltTests.swift */,
				70088F9722DBA91500A28F00 /* Info.plist */,
			);
			path = maltTests;
			sourceTree = "<group>";
		};
		70088F9F22DBA91500A28F00 /* maltUITests */ = {
			isa = PBXGroup;
			children = (
				70088FA022DBA91500A28F00 /* maltUITests.swift */,
				70088FA222DBA91500A28F00 /* Info.plist */,
			);
			path = maltUITests;
			sourceTree = "<group>";
		};
/* End PBXGroup section */

/* Begin PBXNativeTarget section */
		70088F7C22DBA91300A28F00 /* malt */ = {
			isa = PBXNativeTarget;
			buildConfigurationList = 70088FA522DBA91500A28F00 /* Build configuration list for PBXNativeTarget "malt" */;
			buildPhases = (
				E2F790F2AD0811CEB85BE63D /* [CP] Check Pods Manifest.lock */,
				70088F7922DBA91300A28F00 /* Sources */,
				70088F7A22DBA91300A28F00 /* Frameworks */,
				70088F7B22DBA91300A28F00 /* Resources */,
				5C7C521DE28EFD69DE34D298 /* [CP] Embed Pods Frameworks */,
			);
			buildRules = (
			);
			dependencies = (
			);
			name = malt;
			productName = malt;
			productReference = 70088F7D22DBA91300A28F00 /* malt.app */;
			productType = "com.apple.product-type.application";
		};
		70088F9022DBA91500A28F00 /* maltTests */ = {
			isa = PBXNativeTarget;
			buildConfigurationList = 70088FA822DBA91500A28F00 /* Build configuration list for PBXNativeTarget "maltTests" */;
			buildPhases = (
				16760AB49F152F47FFD072B2 /* [CP] Check Pods Manifest.lock */,
				70088F8D22DBA91500A28F00 /* Sources */,
				70088F8E22DBA91500A28F00 /* Frameworks */,
				70088F8F22DBA91500A28F00 /* Resources */,
			);
			buildRules = (
			);
			dependencies = (
				70088F9322DBA91500A28F00 /* PBXTargetDependency */,
			);
			name = maltTests;
			productName = maltTests;
			productReference = 70088F9122DBA91500A28F00 /* maltTests.xctest */;
			productType = "com.apple.product-type.bundle.unit-test";
		};
		70088F9B22DBA91500A28F00 /* maltUITests */ = {
			isa = PBXNativeTarget;
			buildConfigurationList = 70088FAB22DBA91500A28F00 /* Build configuration list for PBXNativeTarget "maltUITests" */;
			buildPhases = (
				31F614F6670B9DFD9225D867 /* [CP] Check Pods Manifest.lock */,
				70088F9822DBA91500A28F00 /* Sources */,
				70088F9922DBA91500A28F00 /* Frameworks */,
				70088F9A22DBA91500A28F00 /* Resources */,
			);
			buildRules = (
			);
			dependencies = (
				70088F9E22DBA91500A28F00 /* PBXTargetDependency */,
			);
			name = maltUITests;
			productName = maltUITests;
			productReference = 70088F9C22DBA91500A28F00 /* maltUITests.xctest */;
			productType = "com.apple.product-type.bundle.ui-testing";
		};
/* End PBXNativeTarget section */

/* Begin PBXProject section */
		70088F7522DBA91300A28F00 /* Project object */ = {
			isa = PBXProject;
			attributes = {
				LastSwiftUpdateCheck = 1020;
				LastUpgradeCheck = 1020;
				ORGANIZATIONNAME = abuswaminathan;
				TargetAttributes = {
					70088F7C22DBA91300A28F00 = {
						CreatedOnToolsVersion = 10.2.1;
					};
					70088F9022DBA91500A28F00 = {
						CreatedOnToolsVersion = 10.2.1;
						TestTargetID = 70088F7C22DBA91300A28F00;
					};
					70088F9B22DBA91500A28F00 = {
						CreatedOnToolsVersion = 10.2.1;
						TestTargetID = 70088F7C22DBA91300A28F00;
					};
				};
			};
			buildConfigurationList = 70088F7822DBA91300A28F00 /* Build configuration list for PBXProject "malt" */;
			compatibilityVersion = "Xcode 9.3";
			developmentRegion = en;
			hasScannedForEncodings = 0;
			knownRegions = (
				en,
				Base,
			);
			mainGroup = 70088F7422DBA91300A28F00;
			productRefGroup = 70088F7E22DBA91300A28F00 /* Products */;
			projectDirPath = "";
			projectRoot = "";
			targets = (
				70088F7C22DBA91300A28F00 /* malt */,
				70088F9022DBA91500A28F00 /* maltTests */,
				70088F9B22DBA91500A28F00 /* maltUITests */,
			);
		};
/* End PBXProject section */

/* Begin PBXResourcesBuildPhase section */
		70088F7B22DBA91300A28F00 /* Resources */ = {
			isa = PBXResourcesBuildPhase;
			buildActionMask = 2147483647;
			files = (
				70088F8B22DBA91500A28F00 /* LaunchScreen.storyboard in Resources */,
				B103185322DBBAE900758772 /* GoogleService-Info.plist in Resources */,
				70088F8822DBA91500A28F00 /* Assets.xcassets in Resources */,
				70088F8622DBA91300A28F00 /* Main.storyboard in Resources */,
			);
			runOnlyForDeploymentPostprocessing = 0;
		};
		70088F8F22DBA91500A28F00 /* Resources */ = {
			isa = PBXResourcesBuildPhase;
			buildActionMask = 2147483647;
			files = (
			);
			runOnlyForDeploymentPostprocessing = 0;
		};
		70088F9A22DBA91500A28F00 /* Resources */ = {
			isa = PBXResourcesBuildPhase;
			buildActionMask = 2147483647;
			files = (
			);
			runOnlyForDeploymentPostprocessing = 0;
		};
/* End PBXResourcesBuildPhase section */

/* Begin PBXShellScriptBuildPhase section */
		16760AB49F152F47FFD072B2 /* [CP] Check Pods Manifest.lock */ = {
			isa = PBXShellScriptBuildPhase;
			buildActionMask = 2147483647;
			files = (
			);
			inputFileListPaths = (
			);
			inputPaths = (
				"${PODS_PODFILE_DIR_PATH}/Podfile.lock",
				"${PODS_ROOT}/Manifest.lock",
			);
			name = "[CP] Check Pods Manifest.lock";
			outputFileListPaths = (
			);
			outputPaths = (
				"$(DERIVED_FILE_DIR)/Pods-maltTests-checkManifestLockResult.txt",
			);
			runOnlyForDeploymentPostprocessing = 0;
			shellPath = /bin/sh;
			shellScript = "diff \"${PODS_PODFILE_DIR_PATH}/Podfile.lock\" \"${PODS_ROOT}/Manifest.lock\" > /dev/null\nif [ $? != 0 ] ; then\n    # print error to STDERR\n    echo \"error: The sandbox is not in sync with the Podfile.lock. Run 'pod install' or update your CocoaPods installation.\" >&2\n    exit 1\nfi\n# This output is used by Xcode 'outputs' to avoid re-running this script phase.\necho \"SUCCESS\" > \"${SCRIPT_OUTPUT_FILE_0}\"\n";
			showEnvVarsInLog = 0;
		};
		31F614F6670B9DFD9225D867 /* [CP] Check Pods Manifest.lock */ = {
			isa = PBXShellScriptBuildPhase;
			buildActionMask = 2147483647;
			files = (
			);
			inputFileListPaths = (
			);
			inputPaths = (
				"${PODS_PODFILE_DIR_PATH}/Podfile.lock",
				"${PODS_ROOT}/Manifest.lock",
			);
			name = "[CP] Check Pods Manifest.lock";
			outputFileListPaths = (
			);
			outputPaths = (
				"$(DERIVED_FILE_DIR)/Pods-maltUITests-checkManifestLockResult.txt",
			);
			runOnlyForDeploymentPostprocessing = 0;
			shellPath = /bin/sh;
			shellScript = "diff \"${PODS_PODFILE_DIR_PATH}/Podfile.lock\" \"${PODS_ROOT}/Manifest.lock\" > /dev/null\nif [ $? != 0 ] ; then\n    # print error to STDERR\n    echo \"error: The sandbox is not in sync with the Podfile.lock. Run 'pod install' or update your CocoaPods installation.\" >&2\n    exit 1\nfi\n# This output is used by Xcode 'outputs' to avoid re-running this script phase.\necho \"SUCCESS\" > \"${SCRIPT_OUTPUT_FILE_0}\"\n";
			showEnvVarsInLog = 0;
		};
		5C7C521DE28EFD69DE34D298 /* [CP] Embed Pods Frameworks */ = {
			isa = PBXShellScriptBuildPhase;
			buildActionMask = 2147483647;
			files = (
			);
			inputFileListPaths = (
				"${PODS_ROOT}/Target Support Files/Pods-malt/Pods-malt-frameworks-${CONFIGURATION}-input-files.xcfilelist",
			);
			name = "[CP] Embed Pods Frameworks";
			outputFileListPaths = (
				"${PODS_ROOT}/Target Support Files/Pods-malt/Pods-malt-frameworks-${CONFIGURATION}-output-files.xcfilelist",
			);
			runOnlyForDeploymentPostprocessing = 0;
			shellPath = /bin/sh;
			shellScript = "\"${PODS_ROOT}/Target Support Files/Pods-malt/Pods-malt-frameworks.sh\"\n";
			showEnvVarsInLog = 0;
		};
		E2F790F2AD0811CEB85BE63D /* [CP] Check Pods Manifest.lock */ = {
			isa = PBXShellScriptBuildPhase;
			buildActionMask = 2147483647;
			files = (
			);
			inputFileListPaths = (
			);
			inputPaths = (
				"${PODS_PODFILE_DIR_PATH}/Podfile.lock",
				"${PODS_ROOT}/Manifest.lock",
			);
			name = "[CP] Check Pods Manifest.lock";
			outputFileListPaths = (
			);
			outputPaths = (
				"$(DERIVED_FILE_DIR)/Pods-malt-checkManifestLockResult.txt",
			);
			runOnlyForDeploymentPostprocessing = 0;
			shellPath = /bin/sh;
			shellScript = "diff \"${PODS_PODFILE_DIR_PATH}/Podfile.lock\" \"${PODS_ROOT}/Manifest.lock\" > /dev/null\nif [ $? != 0 ] ; then\n    # print error to STDERR\n    echo \"error: The sandbox is not in sync with the Podfile.lock. Run 'pod install' or update your CocoaPods installation.\" >&2\n    exit 1\nfi\n# This output is used by Xcode 'outputs' to avoid re-running this script phase.\necho \"SUCCESS\" > \"${SCRIPT_OUTPUT_FILE_0}\"\n";
			showEnvVarsInLog = 0;
		};
/* End PBXShellScriptBuildPhase section */

/* Begin PBXSourcesBuildPhase section */
		70088F7922DBA91300A28F00 /* Sources */ = {
			isa = PBXSourcesBuildPhase;
			buildActionMask = 2147483647;
			files = (
				70088F8322DBA91300A28F00 /* ViewController.swift in Sources */,
				70088F8122DBA91300A28F00 /* AppDelegate.swift in Sources */,
			);
			runOnlyForDeploymentPostprocessing = 0;
		};
		70088F8D22DBA91500A28F00 /* Sources */ = {
			isa = PBXSourcesBuildPhase;
			buildActionMask = 2147483647;
			files = (
				70088F9622DBA91500A28F00 /* maltTests.swift in Sources */,
			);
			runOnlyForDeploymentPostprocessing = 0;
		};
		70088F9822DBA91500A28F00 /* Sources */ = {
			isa = PBXSourcesBuildPhase;
			buildActionMask = 2147483647;
			files = (
				70088FA122DBA91500A28F00 /* maltUITests.swift in Sources */,
			);
			runOnlyForDeploymentPostprocessing = 0;
		};
/* End PBXSourcesBuildPhase section */

/* Begin PBXTargetDependency section */
		70088F9322DBA91500A28F00 /* PBXTargetDependency */ = {
			isa = PBXTargetDependency;
			target = 70088F7C22DBA91300A28F00 /* malt */;
			targetProxy = 70088F9222DBA91500A28F00 /* PBXContainerItemProxy */;
		};
		70088F9E22DBA91500A28F00 /* PBXTargetDependency */ = {
			isa = PBXTargetDependency;
			target = 70088F7C22DBA91300A28F00 /* malt */;
			targetProxy = 70088F9D22DBA91500A28F00 /* PBXContainerItemProxy */;
		};
/* End PBXTargetDependency section */

/* Begin PBXVariantGroup section */
		70088F8422DBA91300A28F00 /* Main.storyboard */ = {
			isa = PBXVariantGroup;
			children = (
				70088F8522DBA91300A28F00 /* Base */,
			);
			name = Main.storyboard;
			sourceTree = "<group>";
		};
		70088F8922DBA91500A28F00 /* LaunchScreen.storyboard */ = {
			isa = PBXVariantGroup;
			children = (
				70088F8A22DBA91500A28F00 /* Base */,
			);
			name = LaunchScreen.storyboard;
			sourceTree = "<group>";
		};
/* End PBXVariantGroup section */

/* Begin XCBuildConfiguration section */
		70088FA322DBA91500A28F00 /* Debug */ = {
			isa = XCBuildConfiguration;
			buildSettings = {
				ALWAYS_SEARCH_USER_PATHS = NO;
				CLANG_ANALYZER_NONNULL = YES;
				CLANG_ANALYZER_NUMBER_OBJECT_CONVERSION = YES_AGGRESSIVE;
				CLANG_CXX_LANGUAGE_STANDARD = "gnu++14";
				CLANG_CXX_LIBRARY = "libc++";
				CLANG_ENABLE_MODULES = YES;
				CLANG_ENABLE_OBJC_ARC = YES;
				CLANG_ENABLE_OBJC_WEAK = YES;
				CLANG_WARN_BLOCK_CAPTURE_AUTORELEASING = YES;
				CLANG_WARN_BOOL_CONVERSION = YES;
				CLANG_WARN_COMMA = YES;
				CLANG_WARN_CONSTANT_CONVERSION = YES;
				CLANG_WARN_DEPRECATED_OBJC_IMPLEMENTATIONS = YES;
				CLANG_WARN_DIRECT_OBJC_ISA_USAGE = YES_ERROR;
				CLANG_WARN_DOCUMENTATION_COMMENTS = YES;
				CLANG_WARN_EMPTY_BODY = YES;
				CLANG_WARN_ENUM_CONVERSION = YES;
				CLANG_WARN_INFINITE_RECURSION = YES;
				CLANG_WARN_INT_CONVERSION = YES;
				CLANG_WARN_NON_LITERAL_NULL_CONVERSION = YES;
				CLANG_WARN_OBJC_IMPLICIT_RETAIN_SELF = YES;
				CLANG_WARN_OBJC_LITERAL_CONVERSION = YES;
				CLANG_WARN_OBJC_ROOT_CLASS = YES_ERROR;
				CLANG_WARN_RANGE_LOOP_ANALYSIS = YES;
				CLANG_WARN_STRICT_PROTOTYPES = YES;
				CLANG_WARN_SUSPICIOUS_MOVE = YES;
				CLANG_WARN_UNGUARDED_AVAILABILITY = YES_AGGRESSIVE;
				CLANG_WARN_UNREACHABLE_CODE = YES;
				CLANG_WARN__DUPLICATE_METHOD_MATCH = YES;
				CODE_SIGN_IDENTITY = "iPhone Developer";
				COPY_PHASE_STRIP = NO;
				DEBUG_INFORMATION_FORMAT = dwarf;
				ENABLE_STRICT_OBJC_MSGSEND = YES;
				ENABLE_TESTABILITY = YES;
				GCC_C_LANGUAGE_STANDARD = gnu11;
				GCC_DYNAMIC_NO_PIC = NO;
				GCC_NO_COMMON_BLOCKS = YES;
				GCC_OPTIMIZATION_LEVEL = 0;
				GCC_PREPROCESSOR_DEFINITIONS = (
					"DEBUG=1",
					"$(inherited)",
				);
				GCC_WARN_64_TO_32_BIT_CONVERSION = YES;
				GCC_WARN_ABOUT_RETURN_TYPE = YES_ERROR;
				GCC_WARN_UNDECLARED_SELECTOR = YES;
				GCC_WARN_UNINITIALIZED_AUTOS = YES_AGGRESSIVE;
				GCC_WARN_UNUSED_FUNCTION = YES;
				GCC_WARN_UNUSED_VARIABLE = YES;
				IPHONEOS_DEPLOYMENT_TARGET = 12.2;
				MTL_ENABLE_DEBUG_INFO = INCLUDE_SOURCE;
				MTL_FAST_MATH = YES;
				ONLY_ACTIVE_ARCH = YES;
				SDKROOT = iphoneos;
				SWIFT_ACTIVE_COMPILATION_CONDITIONS = DEBUG;
				SWIFT_OPTIMIZATION_LEVEL = "-Onone";
			};
			name = Debug;
		};
		70088FA422DBA91500A28F00 /* Release */ = {
			isa = XCBuildConfiguration;
			buildSettings = {
				ALWAYS_SEARCH_USER_PATHS = NO;
				CLANG_ANALYZER_NONNULL = YES;
				CLANG_ANALYZER_NUMBER_OBJECT_CONVERSION = YES_AGGRESSIVE;
				CLANG_CXX_LANGUAGE_STANDARD = "gnu++14";
				CLANG_CXX_LIBRARY = "libc++";
				CLANG_ENABLE_MODULES = YES;
				CLANG_ENABLE_OBJC_ARC = YES;
				CLANG_ENABLE_OBJC_WEAK = YES;
				CLANG_WARN_BLOCK_CAPTURE_AUTORELEASING = YES;
				CLANG_WARN_BOOL_CONVERSION = YES;
				CLANG_WARN_COMMA = YES;
				CLANG_WARN_CONSTANT_CONVERSION = YES;
				CLANG_WARN_DEPRECATED_OBJC_IMPLEMENTATIONS = YES;
				CLANG_WARN_DIRECT_OBJC_ISA_USAGE = YES_ERROR;
				CLANG_WARN_DOCUMENTATION_COMMENTS = YES;
				CLANG_WARN_EMPTY_BODY = YES;
				CLANG_WARN_ENUM_CONVERSION = YES;
				CLANG_WARN_INFINITE_RECURSION = YES;
				CLANG_WARN_INT_CONVERSION = YES;
				CLANG_WARN_NON_LITERAL_NULL_CONVERSION = YES;
				CLANG_WARN_OBJC_IMPLICIT_RETAIN_SELF = YES;
				CLANG_WARN_OBJC_LITERAL_CONVERSION = YES;
				CLANG_WARN_OBJC_ROOT_CLASS = YES_ERROR;
				CLANG_WARN_RANGE_LOOP_ANALYSIS = YES;
				CLANG_WARN_STRICT_PROTOTYPES = YES;
				CLANG_WARN_SUSPICIOUS_MOVE = YES;
				CLANG_WARN_UNGUARDED_AVAILABILITY = YES_AGGRESSIVE;
				CLANG_WARN_UNREACHABLE_CODE = YES;
				CLANG_WARN__DUPLICATE_METHOD_MATCH = YES;
				CODE_SIGN_IDENTITY = "iPhone Developer";
				COPY_PHASE_STRIP = NO;
				DEBUG_INFORMATION_FORMAT = "dwarf-with-dsym";
				ENABLE_NS_ASSERTIONS = NO;
				ENABLE_STRICT_OBJC_MSGSEND = YES;
				GCC_C_LANGUAGE_STANDARD = gnu11;
				GCC_NO_COMMON_BLOCKS = YES;
				GCC_WARN_64_TO_32_BIT_CONVERSION = YES;
				GCC_WARN_ABOUT_RETURN_TYPE = YES_ERROR;
				GCC_WARN_UNDECLARED_SELECTOR = YES;
				GCC_WARN_UNINITIALIZED_AUTOS = YES_AGGRESSIVE;
				GCC_WARN_UNUSED_FUNCTION = YES;
				GCC_WARN_UNUSED_VARIABLE = YES;
				IPHONEOS_DEPLOYMENT_TARGET = 12.2;
				MTL_ENABLE_DEBUG_INFO = NO;
				MTL_FAST_MATH = YES;
				SDKROOT = iphoneos;
				SWIFT_COMPILATION_MODE = wholemodule;
				SWIFT_OPTIMIZATION_LEVEL = "-O";
				VALIDATE_PRODUCT = YES;
			};
			name = Release;
		};
		70088FA622DBA91500A28F00 /* Debug */ = {
			isa = XCBuildConfiguration;
			baseConfigurationReference = 0557B3495DC37A4276BD3915 /* Pods-malt.debug.xcconfig */;
			buildSettings = {
				ASSETCATALOG_COMPILER_APPICON_NAME = AppIcon;
				CODE_SIGN_STYLE = Automatic;
				DEVELOPMENT_TEAM = 3GA2KZT5V2;
				INFOPLIST_FILE = malt/Info.plist;
				LD_RUNPATH_SEARCH_PATHS = (
					"$(inherited)",
					"@executable_path/Frameworks",
				);
				PRODUCT_BUNDLE_IDENTIFIER = "abuswaminathan.beer-app-test";
				PRODUCT_NAME = "$(TARGET_NAME)";
				SWIFT_VERSION = 5.0;
				TARGETED_DEVICE_FAMILY = "1,2";
			};
			name = Debug;
		};
		70088FA722DBA91500A28F00 /* Release */ = {
			isa = XCBuildConfiguration;
			baseConfigurationReference = 22DDE34D4CD0F1EB9981C1EC /* Pods-malt.release.xcconfig */;
			buildSettings = {
				ASSETCATALOG_COMPILER_APPICON_NAME = AppIcon;
				CODE_SIGN_STYLE = Automatic;
				DEVELOPMENT_TEAM = 3GA2KZT5V2;
				INFOPLIST_FILE = malt/Info.plist;
				LD_RUNPATH_SEARCH_PATHS = (
					"$(inherited)",
					"@executable_path/Frameworks",
				);
				PRODUCT_BUNDLE_IDENTIFIER = "abuswaminathan.beer-app-test";
				PRODUCT_NAME = "$(TARGET_NAME)";
				SWIFT_VERSION = 5.0;
				TARGETED_DEVICE_FAMILY = "1,2";
			};
			name = Release;
		};
		70088FA922DBA91500A28F00 /* Debug */ = {
			isa = XCBuildConfiguration;
			baseConfigurationReference = 99C4CE3DBC51891554F7AD6B /* Pods-maltTests.debug.xcconfig */;
			buildSettings = {
				ALWAYS_EMBED_SWIFT_STANDARD_LIBRARIES = YES;
				BUNDLE_LOADER = "$(TEST_HOST)";
				CODE_SIGN_STYLE = Automatic;
				DEVELOPMENT_TEAM = 3GA2KZT5V2;
				INFOPLIST_FILE = maltTests/Info.plist;
				LD_RUNPATH_SEARCH_PATHS = (
					"$(inherited)",
					"@executable_path/Frameworks",
					"@loader_path/Frameworks",
				);
				PRODUCT_BUNDLE_IDENTIFIER = abuswaminathan.maltTests;
				PRODUCT_NAME = "$(TARGET_NAME)";
				SWIFT_VERSION = 5.0;
				TARGETED_DEVICE_FAMILY = "1,2";
				TEST_HOST = "$(BUILT_PRODUCTS_DIR)/malt.app/malt";
			};
			name = Debug;
		};
		70088FAA22DBA91500A28F00 /* Release */ = {
			isa = XCBuildConfiguration;
			baseConfigurationReference = 97F7832274F2E5B7253F49BA /* Pods-maltTests.release.xcconfig */;
			buildSettings = {
				ALWAYS_EMBED_SWIFT_STANDARD_LIBRARIES = YES;
				BUNDLE_LOADER = "$(TEST_HOST)";
				CODE_SIGN_STYLE = Automatic;
				DEVELOPMENT_TEAM = 3GA2KZT5V2;
				INFOPLIST_FILE = maltTests/Info.plist;
				LD_RUNPATH_SEARCH_PATHS = (
					"$(inherited)",
					"@executable_path/Frameworks",
					"@loader_path/Frameworks",
				);
				PRODUCT_BUNDLE_IDENTIFIER = abuswaminathan.maltTests;
				PRODUCT_NAME = "$(TARGET_NAME)";
				SWIFT_VERSION = 5.0;
				TARGETED_DEVICE_FAMILY = "1,2";
				TEST_HOST = "$(BUILT_PRODUCTS_DIR)/malt.app/malt";
			};
			name = Release;
		};
		70088FAC22DBA91500A28F00 /* Debug */ = {
			isa = XCBuildConfiguration;
			baseConfigurationReference = 1A7F9B11A68EBA834D443F64 /* Pods-maltUITests.debug.xcconfig */;
			buildSettings = {
				ALWAYS_EMBED_SWIFT_STANDARD_LIBRARIES = YES;
				CODE_SIGN_STYLE = Automatic;
				DEVELOPMENT_TEAM = 3GA2KZT5V2;
				INFOPLIST_FILE = maltUITests/Info.plist;
				LD_RUNPATH_SEARCH_PATHS = (
					"$(inherited)",
					"@executable_path/Frameworks",
					"@loader_path/Frameworks",
				);
				PRODUCT_BUNDLE_IDENTIFIER = abuswaminathan.maltUITests;
				PRODUCT_NAME = "$(TARGET_NAME)";
				SWIFT_VERSION = 5.0;
				TARGETED_DEVICE_FAMILY = "1,2";
				TEST_TARGET_NAME = malt;
			};
			name = Debug;
		};
		70088FAD22DBA91500A28F00 /* Release */ = {
			isa = XCBuildConfiguration;
			baseConfigurationReference = 810ECB9F113B93B4E67A4B90 /* Pods-maltUITests.release.xcconfig */;
			buildSettings = {
				ALWAYS_EMBED_SWIFT_STANDARD_LIBRARIES = YES;
				CODE_SIGN_STYLE = Automatic;
				DEVELOPMENT_TEAM = 3GA2KZT5V2;
				INFOPLIST_FILE = maltUITests/Info.plist;
				LD_RUNPATH_SEARCH_PATHS = (
					"$(inherited)",
					"@executable_path/Frameworks",
					"@loader_path/Frameworks",
				);
				PRODUCT_BUNDLE_IDENTIFIER = abuswaminathan.maltUITests;
				PRODUCT_NAME = "$(TARGET_NAME)";
				SWIFT_VERSION = 5.0;
				TARGETED_DEVICE_FAMILY = "1,2";
				TEST_TARGET_NAME = malt;
			};
			name = Release;
		};
/* End XCBuildConfiguration section */

/* Begin XCConfigurationList section */
		70088F7822DBA91300A28F00 /* Build configuration list for PBXProject "malt" */ = {
			isa = XCConfigurationList;
			buildConfigurations = (
				70088FA322DBA91500A28F00 /* Debug */,
				70088FA422DBA91500A28F00 /* Release */,
			);
			defaultConfigurationIsVisible = 0;
			defaultConfigurationName = Release;
		};
		70088FA522DBA91500A28F00 /* Build configuration list for PBXNativeTarget "malt" */ = {
			isa = XCConfigurationList;
			buildConfigurations = (
				70088FA622DBA91500A28F00 /* Debug */,
				70088FA722DBA91500A28F00 /* Release */,
			);
			defaultConfigurationIsVisible = 0;
			defaultConfigurationName = Release;
		};
		70088FA822DBA91500A28F00 /* Build configuration list for PBXNativeTarget "maltTests" */ = {
			isa = XCConfigurationList;
			buildConfigurations = (
				70088FA922DBA91500A28F00 /* Debug */,
				70088FAA22DBA91500A28F00 /* Release */,
			);
			defaultConfigurationIsVisible = 0;
			defaultConfigurationName = Release;
		};
		70088FAB22DBA91500A28F00 /* Build configuration list for PBXNativeTarget "maltUITests" */ = {
			isa = XCConfigurationList;
			buildConfigurations = (
				70088FAC22DBA91500A28F00 /* Debug */,
				70088FAD22DBA91500A28F00 /* Release */,
			);
			defaultConfigurationIsVisible = 0;
			defaultConfigurationName = Release;
		};
/* End XCConfigurationList section */
	};
	rootObject = 70088F7522DBA91300A28F00 /* Project object */;
}
